// !$*UTF8*$!
{
	archiveVersion = 1;
	classes = {
	};
	objectVersion = 46;
	objects = {

/* Begin PBXBuildFile section */
		2FB9BE3C1DEC7F5D0038F55E /* AppDelegate.swift in Sources */ = {isa = PBXBuildFile; fileRef = 2FB9BE3B1DEC7F5D0038F55E /* AppDelegate.swift */; };
		2FB9BE411DEC7F5D0038F55E /* Main.storyboard in Resources */ = {isa = PBXBuildFile; fileRef = 2FB9BE3F1DEC7F5D0038F55E /* Main.storyboard */; };
		2FB9BE431DEC7F5D0038F55E /* Assets.xcassets in Resources */ = {isa = PBXBuildFile; fileRef = 2FB9BE421DEC7F5D0038F55E /* Assets.xcassets */; };
		2FB9BE461DEC7F5D0038F55E /* LaunchScreen.storyboard in Resources */ = {isa = PBXBuildFile; fileRef = 2FB9BE441DEC7F5D0038F55E /* LaunchScreen.storyboard */; };
		2FB9BE511DEC7F5D0038F55E /* CollectionViewButtonPressExampleTests.swift in Sources */ = {isa = PBXBuildFile; fileRef = 2FB9BE501DEC7F5D0038F55E /* CollectionViewButtonPressExampleTests.swift */; };
		2FB9BE5C1DEC7F5D0038F55E /* CollectionViewButtonPressExampleUITests.swift in Sources */ = {isa = PBXBuildFile; fileRef = 2FB9BE5B1DEC7F5D0038F55E /* CollectionViewButtonPressExampleUITests.swift */; };
		2FB9BE6A1DEC7F8B0038F55E /* CollectionViewController.swift in Sources */ = {isa = PBXBuildFile; fileRef = 2FB9BE691DEC7F8B0038F55E /* CollectionViewController.swift */; };
		2FB9BE6C1DEC7F960038F55E /* DisplayViewController.swift in Sources */ = {isa = PBXBuildFile; fileRef = 2FB9BE6B1DEC7F960038F55E /* DisplayViewController.swift */; };
		2FB9BE6E1DEC80650038F55E /* CollectionViewCell.swift in Sources */ = {isa = PBXBuildFile; fileRef = 2FB9BE6D1DEC80650038F55E /* CollectionViewCell.swift */; };
/* End PBXBuildFile section */

/* Begin PBXContainerItemProxy section */
		2FB9BE4D1DEC7F5D0038F55E /* PBXContainerItemProxy */ = {
			isa = PBXContainerItemProxy;
			containerPortal = 2FB9BE301DEC7F5D0038F55E /* Project object */;
			proxyType = 1;
			remoteGlobalIDString = 2FB9BE371DEC7F5D0038F55E;
			remoteInfo = CollectionViewButtonPressExample;
		};
		2FB9BE581DEC7F5D0038F55E /* PBXContainerItemProxy */ = {
			isa = PBXContainerItemProxy;
			containerPortal = 2FB9BE301DEC7F5D0038F55E /* Project object */;
			proxyType = 1;
			remoteGlobalIDString = 2FB9BE371DEC7F5D0038F55E;
			remoteInfo = CollectionViewButtonPressExample;
		};
/* End PBXContainerItemProxy section */

/* Begin PBXFileReference section */
		2FB9BE381DEC7F5D0038F55E /* CollectionViewButtonPressExample.app */ = {isa = PBXFileReference; explicitFileType = wrapper.application; includeInIndex = 0; path = CollectionViewButtonPressExample.app; sourceTree = BUILT_PRODUCTS_DIR; };
		2FB9BE3B1DEC7F5D0038F55E /* AppDelegate.swift */ = {isa = PBXFileReference; lastKnownFileType = sourcecode.swift; path = AppDelegate.swift; sourceTree = "<group>"; };
		2FB9BE401DEC7F5D0038F55E /* Base */ = {isa = PBXFileReference; lastKnownFileType = file.storyboard; name = Base; path = Base.lproj/Main.storyboard; sourceTree = "<group>"; };
		2FB9BE421DEC7F5D0038F55E /* Assets.xcassets */ = {isa = PBXFileReference; lastKnownFileType = folder.assetcatalog; path = Assets.xcassets; sourceTree = "<group>"; };
		2FB9BE451DEC7F5D0038F55E /* Base */ = {isa = PBXFileReference; lastKnownFileType = file.storyboard; name = Base; path = Base.lproj/LaunchScreen.storyboard; sourceTree = "<group>"; };
		2FB9BE471DEC7F5D0038F55E /* Info.plist */ = {isa = PBXFileReference; lastKnownFileType = text.plist.xml; path = Info.plist; sourceTree = "<group>"; };
		2FB9BE4C1DEC7F5D0038F55E /* CollectionViewButtonPressExampleTests.xctest */ = {isa = PBXFileReference; explicitFileType = wrapper.cfbundle; includeInIndex = 0; path = CollectionViewButtonPressExampleTests.xctest; sourceTree = BUILT_PRODUCTS_DIR; };
		2FB9BE501DEC7F5D0038F55E /* CollectionViewButtonPressExampleTests.swift */ = {isa = PBXFileReference; lastKnownFileType = sourcecode.swift; path = CollectionViewButtonPressExampleTests.swift; sourceTree = "<group>"; };
		2FB9BE521DEC7F5D0038F55E /* Info.plist */ = {isa = PBXFileReference; lastKnownFileType = text.plist.xml; path = Info.plist; sourceTree = "<group>"; };
		2FB9BE571DEC7F5D0038F55E /* CollectionViewButtonPressExampleUITests.xctest */ = {isa = PBXFileReference; explicitFileType = wrapper.cfbundle; includeInIndex = 0; path = CollectionViewButtonPressExampleUITests.xctest; sourceTree = BUILT_PRODUCTS_DIR; };
		2FB9BE5B1DEC7F5D0038F55E /* CollectionViewButtonPressExampleUITests.swift */ = {isa = PBXFileReference; lastKnownFileType = sourcecode.swift; path = CollectionViewButtonPressExampleUITests.swift; sourceTree = "<group>"; };
		2FB9BE5D1DEC7F5D0038F55E /* Info.plist */ = {isa = PBXFileReference; lastKnownFileType = text.plist.xml; path = Info.plist; sourceTree = "<group>"; };
		2FB9BE691DEC7F8B0038F55E /* CollectionViewController.swift */ = {isa = PBXFileReference; fileEncoding = 4; lastKnownFileType = sourcecode.swift; path = CollectionViewController.swift; sourceTree = "<group>"; };
		2FB9BE6B1DEC7F960038F55E /* DisplayViewController.swift */ = {isa = PBXFileReference; fileEncoding = 4; lastKnownFileType = sourcecode.swift; path = DisplayViewController.swift; sourceTree = "<group>"; };
		2FB9BE6D1DEC80650038F55E /* CollectionViewCell.swift */ = {isa = PBXFileReference; fileEncoding = 4; lastKnownFileType = sourcecode.swift; path = CollectionViewCell.swift; sourceTree = "<group>"; };
/* End PBXFileReference section */

/* Begin PBXFrameworksBuildPhase section */
		2FB9BE351DEC7F5D0038F55E /* Frameworks */ = {
			isa = PBXFrameworksBuildPhase;
			buildActionMask = 2147483647;
			files = (
			);
			runOnlyForDeploymentPostprocessing = 0;
		};
		2FB9BE491DEC7F5D0038F55E /* Frameworks */ = {
			isa = PBXFrameworksBuildPhase;
			buildActionMask = 2147483647;
			files = (
			);
			runOnlyForDeploymentPostprocessing = 0;
		};
		2FB9BE541DEC7F5D0038F55E /* Frameworks */ = {
			isa = PBXFrameworksBuildPhase;
			buildActionMask = 2147483647;
			files = (
			);
			runOnlyForDeploymentPostprocessing = 0;
		};
/* End PBXFrameworksBuildPhase section */

/* Begin PBXGroup section */
		2FB9BE2F1DEC7F5D0038F55E = {
			isa = PBXGroup;
			children = (
				2FB9BE3A1DEC7F5D0038F55E /* CollectionViewButtonPressExample */,
				2FB9BE4F1DEC7F5D0038F55E /* CollectionViewButtonPressExampleTests */,
				2FB9BE5A1DEC7F5D0038F55E /* CollectionViewButtonPressExampleUITests */,
				2FB9BE391DEC7F5D0038F55E /* Products */,
			);
			sourceTree = "<group>";
		};
		2FB9BE391DEC7F5D0038F55E /* Products */ = {
			isa = PBXGroup;
			children = (
				2FB9BE381DEC7F5D0038F55E /* CollectionViewButtonPressExample.app */,
				2FB9BE4C1DEC7F5D0038F55E /* CollectionViewButtonPressExampleTests.xctest */,
				2FB9BE571DEC7F5D0038F55E /* CollectionViewButtonPressExampleUITests.xctest */,
			);
			name = Products;
			sourceTree = "<group>";
		};
		2FB9BE3A1DEC7F5D0038F55E /* CollectionViewButtonPressExample */ = {
			isa = PBXGroup;
			children = (
				2FB9BE3B1DEC7F5D0038F55E /* AppDelegate.swift */,
				2FB9BE691DEC7F8B0038F55E /* CollectionViewController.swift */,
				2FB9BE6B1DEC7F960038F55E /* DisplayViewController.swift */,
				2FB9BE6D1DEC80650038F55E /* CollectionViewCell.swift */,
				2FB9BE3F1DEC7F5D0038F55E /* Main.storyboard */,
				2FB9BE421DEC7F5D0038F55E /* Assets.xcassets */,
				2FB9BE441DEC7F5D0038F55E /* LaunchScreen.storyboard */,
				2FB9BE471DEC7F5D0038F55E /* Info.plist */,
			);
			path = CollectionViewButtonPressExample;
			sourceTree = "<group>";
		};
		2FB9BE4F1DEC7F5D0038F55E /* CollectionViewButtonPressExampleTests */ = {
			isa = PBXGroup;
			children = (
				2FB9BE501DEC7F5D0038F55E /* CollectionViewButtonPressExampleTests.swift */,
				2FB9BE521DEC7F5D0038F55E /* Info.plist */,
			);
			path = CollectionViewButtonPressExampleTests;
			sourceTree = "<group>";
		};
		2FB9BE5A1DEC7F5D0038F55E /* CollectionViewButtonPressExampleUITests */ = {
			isa = PBXGroup;
			children = (
				2FB9BE5B1DEC7F5D0038F55E /* CollectionViewButtonPressExampleUITests.swift */,
				2FB9BE5D1DEC7F5D0038F55E /* Info.plist */,
			);
			path = CollectionViewButtonPressExampleUITests;
			sourceTree = "<group>";
		};
/* End PBXGroup section */

/* Begin PBXNativeTarget section */
		2FB9BE371DEC7F5D0038F55E /* CollectionViewButtonPressExample */ = {
			isa = PBXNativeTarget;
			buildConfigurationList = 2FB9BE601DEC7F5D0038F55E /* Build configuration list for PBXNativeTarget "CollectionViewButtonPressExample" */;
			buildPhases = (
				2FB9BE341DEC7F5D0038F55E /* Sources */,
				2FB9BE351DEC7F5D0038F55E /* Frameworks */,
				2FB9BE361DEC7F5D0038F55E /* Resources */,
			);
			buildRules = (
			);
			dependencies = (
			);
			name = CollectionViewButtonPressExample;
			productName = CollectionViewButtonPressExample;
			productReference = 2FB9BE381DEC7F5D0038F55E /* CollectionViewButtonPressExample.app */;
			productType = "com.apple.product-type.application";
		};
		2FB9BE4B1DEC7F5D0038F55E /* CollectionViewButtonPressExampleTests */ = {
			isa = PBXNativeTarget;
			buildConfigurationList = 2FB9BE631DEC7F5D0038F55E /* Build configuration list for PBXNativeTarget "CollectionViewButtonPressExampleTests" */;
			buildPhases = (
				2FB9BE481DEC7F5D0038F55E /* Sources */,
				2FB9BE491DEC7F5D0038F55E /* Frameworks */,
				2FB9BE4A1DEC7F5D0038F55E /* Resources */,
			);
			buildRules = (
			);
			dependencies = (
				2FB9BE4E1DEC7F5D0038F55E /* PBXTargetDependency */,
			);
			name = CollectionViewButtonPressExampleTests;
			productName = CollectionViewButtonPressExampleTests;
			productReference = 2FB9BE4C1DEC7F5D0038F55E /* CollectionViewButtonPressExampleTests.xctest */;
			productType = "com.apple.product-type.bundle.unit-test";
		};
		2FB9BE561DEC7F5D0038F55E /* CollectionViewButtonPressExampleUITests */ = {
			isa = PBXNativeTarget;
			buildConfigurationList = 2FB9BE661DEC7F5D0038F55E /* Build configuration list for PBXNativeTarget "CollectionViewButtonPressExampleUITests" */;
			buildPhases = (
				2FB9BE531DEC7F5D0038F55E /* Sources */,
				2FB9BE541DEC7F5D0038F55E /* Frameworks */,
				2FB9BE551DEC7F5D0038F55E /* Resources */,
			);
			buildRules = (
			);
			dependencies = (
				2FB9BE591DEC7F5D0038F55E /* PBXTargetDependency */,
			);
			name = CollectionViewButtonPressExampleUITests;
			productName = CollectionViewButtonPressExampleUITests;
			productReference = 2FB9BE571DEC7F5D0038F55E /* CollectionViewButtonPressExampleUITests.xctest */;
			productType = "com.apple.product-type.bundle.ui-testing";
		};
/* End PBXNativeTarget section */

/* Begin PBXProject section */
		2FB9BE301DEC7F5D0038F55E /* Project object */ = {
			isa = PBXProject;
			attributes = {
				LastSwiftUpdateCheck = 0820;
				LastUpgradeCheck = 0820;
				ORGANIZATIONNAME = "Christopher Pick";
				TargetAttributes = {
					2FB9BE371DEC7F5D0038F55E = {
						CreatedOnToolsVersion = 8.2;
						DevelopmentTeam = H8N7P676QG;
						ProvisioningStyle = Automatic;
					};
					2FB9BE4B1DEC7F5D0038F55E = {
						CreatedOnToolsVersion = 8.2;
						DevelopmentTeam = H8N7P676QG;
						ProvisioningStyle = Automatic;
						TestTargetID = 2FB9BE371DEC7F5D0038F55E;
					};
					2FB9BE561DEC7F5D0038F55E = {
						CreatedOnToolsVersion = 8.2;
						DevelopmentTeam = H8N7P676QG;
						ProvisioningStyle = Automatic;
						TestTargetID = 2FB9BE371DEC7F5D0038F55E;
					};
				};
			};
			buildConfigurationList = 2FB9BE331DEC7F5D0038F55E /* Build configuration list for PBXProject "CollectionViewButtonPressExample" */;
			compatibilityVersion = "Xcode 3.2";
			developmentRegion = English;
			hasScannedForEncodings = 0;
			knownRegions = (
				en,
				Base,
			);
			mainGroup = 2FB9BE2F1DEC7F5D0038F55E;
			productRefGroup = 2FB9BE391DEC7F5D0038F55E /* Products */;
			projectDirPath = "";
			projectRoot = "";
			targets = (
				2FB9BE371DEC7F5D0038F55E /* CollectionViewButtonPressExample */,
				2FB9BE4B1DEC7F5D0038F55E /* CollectionViewButtonPressExampleTests */,
				2FB9BE561DEC7F5D0038F55E /* CollectionViewButtonPressExampleUITests */,
			);
		};
/* End PBXProject section */

/* Begin PBXResourcesBuildPhase section */
		2FB9BE361DEC7F5D0038F55E /* Resources */ = {
			isa = PBXResourcesBuildPhase;
			buildActionMask = 2147483647;
			files = (
				2FB9BE461DEC7F5D0038F55E /* LaunchScreen.storyboard in Resources */,
				2FB9BE431DEC7F5D0038F55E /* Assets.xcassets in Resources */,
				2FB9BE411DEC7F5D0038F55E /* Main.storyboard in Resources */,
			);
			runOnlyForDeploymentPostprocessing = 0;
		};
		2FB9BE4A1DEC7F5D0038F55E /* Resources */ = {
			isa = PBXResourcesBuildPhase;
			buildActionMask = 2147483647;
			files = (
			);
			runOnlyForDeploymentPostprocessing = 0;
		};
		2FB9BE551DEC7F5D0038F55E /* Resources */ = {
			isa = PBXResourcesBuildPhase;
			buildActionMask = 2147483647;
			files = (
			);
			runOnlyForDeploymentPostprocessing = 0;
		};
/* End PBXResourcesBuildPhase section */

/* Begin PBXSourcesBuildPhase section */
		2FB9BE341DEC7F5D0038F55E /* Sources */ = {
			isa = PBXSourcesBuildPhase;
			buildActionMask = 2147483647;
			files = (
				2FB9BE6A1DEC7F8B0038F55E /* CollectionViewController.swift in Sources */,
				2FB9BE6C1DEC7F960038F55E /* DisplayViewController.swift in Sources */,
				2FB9BE6E1DEC80650038F55E /* CollectionViewCell.swift in Sources */,
				2FB9BE3C1DEC7F5D0038F55E /* AppDelegate.swift in Sources */,
			);
			runOnlyForDeploymentPostprocessing = 0;
		};
		2FB9BE481DEC7F5D0038F55E /* Sources */ = {
			isa = PBXSourcesBuildPhase;
			buildActionMask = 2147483647;
			files = (
				2FB9BE511DEC7F5D0038F55E /* CollectionViewButtonPressExampleTests.swift in Sources */,
			);
			runOnlyForDeploymentPostprocessing = 0;
		};
		2FB9BE531DEC7F5D0038F55E /* Sources */ = {
			isa = PBXSourcesBuildPhase;
			buildActionMask = 2147483647;
			files = (
				2FB9BE5C1DEC7F5D0038F55E /* CollectionViewButtonPressExampleUITests.swift in Sources */,
			);
			runOnlyForDeploymentPostprocessing = 0;
		};
/* End PBXSourcesBuildPhase section */

/* Begin PBXTargetDependency section */
		2FB9BE4E1DEC7F5D0038F55E /* PBXTargetDependency */ = {
			isa = PBXTargetDependency;
			target = 2FB9BE371DEC7F5D0038F55E /* CollectionViewButtonPressExample */;
			targetProxy = 2FB9BE4D1DEC7F5D0038F55E /* PBXContainerItemProxy */;
		};
		2FB9BE591DEC7F5D0038F55E /* PBXTargetDependency */ = {
			isa = PBXTargetDependency;
			target = 2FB9BE371DEC7F5D0038F55E /* CollectionViewButtonPressExample */;
			targetProxy = 2FB9BE581DEC7F5D0038F55E /* PBXContainerItemProxy */;
		};
/* End PBXTargetDependency section */

/* Begin PBXVariantGroup section */
		2FB9BE3F1DEC7F5D0038F55E /* Main.storyboard */ = {
			isa = PBXVariantGroup;
			children = (
				2FB9BE401DEC7F5D0038F55E /* Base */,
			);
			name = Main.storyboard;
			sourceTree = "<group>";
		};
		2FB9BE441DEC7F5D0038F55E /* LaunchScreen.storyboard */ = {
			isa = PBXVariantGroup;
			children = (
				2FB9BE451DEC7F5D0038F55E /* Base */,
			);
			name = LaunchScreen.storyboard;
			sourceTree = "<group>";
		};
/* End PBXVariantGroup section */

/* Begin XCBuildConfiguration section */
		2FB9BE5E1DEC7F5D0038F55E /* Debug */ = {
			isa = XCBuildConfiguration;
			buildSettings = {
				ALWAYS_SEARCH_USER_PATHS = NO;
				CLANG_ANALYZER_NONNULL = YES;
				CLANG_CXX_LANGUAGE_STANDARD = "gnu++0x";
				CLANG_CXX_LIBRARY = "libc++";
				CLANG_ENABLE_MODULES = YES;
				CLANG_ENABLE_OBJC_ARC = YES;
				CLANG_WARN_BOOL_CONVERSION = YES;
				CLANG_WARN_CONSTANT_CONVERSION = YES;
				CLANG_WARN_DIRECT_OBJC_ISA_USAGE = YES_ERROR;
				CLANG_WARN_DOCUMENTATION_COMMENTS = YES;
				CLANG_WARN_EMPTY_BODY = YES;
				CLANG_WARN_ENUM_CONVERSION = YES;
				CLANG_WARN_INFINITE_RECURSION = YES;
				CLANG_WARN_INT_CONVERSION = YES;
				CLANG_WARN_OBJC_ROOT_CLASS = YES_ERROR;
				CLANG_WARN_SUSPICIOUS_MOVE = YES;
				CLANG_WARN_UNREACHABLE_CODE = YES;
				CLANG_WARN__DUPLICATE_METHOD_MATCH = YES;
				"CODE_SIGN_IDENTITY[sdk=iphoneos*]" = "iPhone Developer";
				COPY_PHASE_STRIP = NO;
				DEBUG_INFORMATION_FORMAT = dwarf;
				ENABLE_STRICT_OBJC_MSGSEND = YES;
				ENABLE_TESTABILITY = YES;
				GCC_C_LANGUAGE_STANDARD = gnu99;
				GCC_DYNAMIC_NO_PIC = NO;
				GCC_NO_COMMON_BLOCKS = YES;
				GCC_OPTIMIZATION_LEVEL = 0;
				GCC_PREPROCESSOR_DEFINITIONS = (
					"DEBUG=1",
					"$(inherited)",
				);
				GCC_WARN_64_TO_32_BIT_CONVERSION = YES;
				GCC_WARN_ABOUT_RETURN_TYPE = YES_ERROR;
				GCC_WARN_UNDECLARED_SELECTOR = YES;
				GCC_WARN_UNINITIALIZED_AUTOS = YES_AGGRESSIVE;
				GCC_WARN_UNUSED_FUNCTION = YES;
				GCC_WARN_UNUSED_VARIABLE = YES;
				IPHONEOS_DEPLOYMENT_TARGET = 10.2;
				MTL_ENABLE_DEBUG_INFO = YES;
				ONLY_ACTIVE_ARCH = YES;
				SDKROOT = iphoneos;
				SWIFT_ACTIVE_COMPILATION_CONDITIONS = DEBUG;
				SWIFT_OPTIMIZATION_LEVEL = "-Onone";
				TARGETED_DEVICE_FAMILY = "1,2";
			};
			name = Debug;
		};
		2FB9BE5F1DEC7F5D0038F55E /* Release */ = {
			isa = XCBuildConfiguration;
			buildSettings = {
				ALWAYS_SEARCH_USER_PATHS = NO;
				CLANG_ANALYZER_NONNULL = YES;
				CLANG_CXX_LANGUAGE_STANDARD = "gnu++0x";
				CLANG_CXX_LIBRARY = "libc++";
				CLANG_ENABLE_MODULES = YES;
				CLANG_ENABLE_OBJC_ARC = YES;
				CLANG_WARN_BOOL_CONVERSION = YES;
				CLANG_WARN_CONSTANT_CONVERSION = YES;
				CLANG_WARN_DIRECT_OBJC_ISA_USAGE = YES_ERROR;
				CLANG_WARN_DOCUMENTATION_COMMENTS = YES;
				CLANG_WARN_EMPTY_BODY = YES;
				CLANG_WARN_ENUM_CONVERSION = YES;
				CLANG_WARN_INFINITE_RECURSION = YES;
				CLANG_WARN_INT_CONVERSION = YES;
				CLANG_WARN_OBJC_ROOT_CLASS = YES_ERROR;
				CLANG_WARN_SUSPICIOUS_MOVE = YES;
				CLANG_WARN_UNREACHABLE_CODE = YES;
				CLANG_WARN__DUPLICATE_METHOD_MATCH = YES;
				"CODE_SIGN_IDENTITY[sdk=iphoneos*]" = "iPhone Developer";
				COPY_PHASE_STRIP = NO;
				DEBUG_INFORMATION_FORMAT = "dwarf-with-dsym";
				ENABLE_NS_ASSERTIONS = NO;
				ENABLE_STRICT_OBJC_MSGSEND = YES;
				GCC_C_LANGUAGE_STANDARD = gnu99;
				GCC_NO_COMMON_BLOCKS = YES;
				GCC_WARN_64_TO_32_BIT_CONVERSION = YES;
				GCC_WARN_ABOUT_RETURN_TYPE = YES_ERROR;
				GCC_WARN_UNDECLARED_SELECTOR = YES;
				GCC_WARN_UNINITIALIZED_AUTOS = YES_AGGRESSIVE;
				GCC_WARN_UNUSED_FUNCTION = YES;
				GCC_WARN_UNUSED_VARIABLE = YES;
				IPHONEOS_DEPLOYMENT_TARGET = 10.2;
				MTL_ENABLE_DEBUG_INFO = NO;
				SDKROOT = iphoneos;
				SWIFT_OPTIMIZATION_LEVEL = "-Owholemodule";
				TARGETED_DEVICE_FAMILY = "1,2";
				VALIDATE_PRODUCT = YES;
			};
			name = Release;
		};
		2FB9BE611DEC7F5D0038F55E /* Debug */ = {
			isa = XCBuildConfiguration;
			buildSettings = {
				ASSETCATALOG_COMPILER_APPICON_NAME = AppIcon;
				DEVELOPMENT_TEAM = H8N7P676QG;
				INFOPLIST_FILE = CollectionViewButtonPressExample/Info.plist;
				LD_RUNPATH_SEARCH_PATHS = "$(inherited) @executable_path/Frameworks";
				PRODUCT_BUNDLE_IDENTIFIER = com.cjpick.CollectionViewButtonPressExample;
				PRODUCT_NAME = "$(TARGET_NAME)";
				SWIFT_VERSION = 3.0;
			};
			name = Debug;
		};
		2FB9BE621DEC7F5D0038F55E /* Release */ = {
			isa = XCBuildConfiguration;
			buildSettings = {
				ASSETCATALOG_COMPILER_APPICON_NAME = AppIcon;
				DEVELOPMENT_TEAM = H8N7P676QG;
				INFOPLIST_FILE = CollectionViewButtonPressExample/Info.plist;
				LD_RUNPATH_SEARCH_PATHS = "$(inherited) @executable_path/Frameworks";
				PRODUCT_BUNDLE_IDENTIFIER = com.cjpick.CollectionViewButtonPressExample;
				PRODUCT_NAME = "$(TARGET_NAME)";
				SWIFT_VERSION = 3.0;
			};
			name = Release;
		};
		2FB9BE641DEC7F5D0038F55E /* Debug */ = {
			isa = XCBuildConfiguration;
			buildSettings = {
				ALWAYS_EMBED_SWIFT_STANDARD_LIBRARIES = YES;
				BUNDLE_LOADER = "$(TEST_HOST)";
				DEVELOPMENT_TEAM = H8N7P676QG;
				INFOPLIST_FILE = CollectionViewButtonPressExampleTests/Info.plist;
				LD_RUNPATH_SEARCH_PATHS = "$(inherited) @executable_path/Frameworks @loader_path/Frameworks";
				PRODUCT_BUNDLE_IDENTIFIER = com.cjpick.CollectionViewButtonPressExampleTests;
				PRODUCT_NAME = "$(TARGET_NAME)";
				SWIFT_VERSION = 3.0;
				TEST_HOST = "$(BUILT_PRODUCTS_DIR)/CollectionViewButtonPressExample.app/CollectionViewButtonPressExample";
			};
			name = Debug;
		};
		2FB9BE651DEC7F5D0038F55E /* Release */ = {
			isa = XCBuildConfiguration;
			buildSettings = {
				ALWAYS_EMBED_SWIFT_STANDARD_LIBRARIES = YES;
				BUNDLE_LOADER = "$(TEST_HOST)";
				DEVELOPMENT_TEAM = H8N7P676QG;
				INFOPLIST_FILE = CollectionViewButtonPressExampleTests/Info.plist;
				LD_RUNPATH_SEARCH_PATHS = "$(inherited) @executable_path/Frameworks @loader_path/Frameworks";
				PRODUCT_BUNDLE_IDENTIFIER = com.cjpick.CollectionViewButtonPressExampleTests;
				PRODUCT_NAME = "$(TARGET_NAME)";
				SWIFT_VERSION = 3.0;
				TEST_HOST = "$(BUILT_PRODUCTS_DIR)/CollectionViewButtonPressExample.app/CollectionViewButtonPressExample";
			};
			name = Release;
		};
		2FB9BE671DEC7F5D0038F55E /* Debug */ = {
			isa = XCBuildConfiguration;
			buildSettings = {
				ALWAYS_EMBED_SWIFT_STANDARD_LIBRARIES = YES;
				DEVELOPMENT_TEAM = H8N7P676QG;
				INFOPLIST_FILE = CollectionViewButtonPressExampleUITests/Info.plist;
				LD_RUNPATH_SEARCH_PATHS = "$(inherited) @executable_path/Frameworks @loader_path/Frameworks";
				PRODUCT_BUNDLE_IDENTIFIER = com.cjpick.CollectionViewButtonPressExampleUITests;
				PRODUCT_NAME = "$(TARGET_NAME)";
				SWIFT_VERSION = 3.0;
				TEST_TARGET_NAME = CollectionViewButtonPressExample;
			};
			name = Debug;
		};
		2FB9BE681DEC7F5D0038F55E /* Release */ = {
			isa = XCBuildConfiguration;
			buildSettings = {
				ALWAYS_EMBED_SWIFT_STANDARD_LIBRARIES = YES;
				DEVELOPMENT_TEAM = H8N7P676QG;
				INFOPLIST_FILE = CollectionViewButtonPressExampleUITests/Info.plist;
				LD_RUNPATH_SEARCH_PATHS = "$(inherited) @executable_path/Frameworks @loader_path/Frameworks";
				PRODUCT_BUNDLE_IDENTIFIER = com.cjpick.CollectionViewButtonPressExampleUITests;
				PRODUCT_NAME = "$(TARGET_NAME)";
				SWIFT_VERSION = 3.0;
				TEST_TARGET_NAME = CollectionViewButtonPressExample;
			};
			name = Release;
		};
/* End XCBuildConfiguration section */

/* Begin XCConfigurationList section */
		2FB9BE331DEC7F5D0038F55E /* Build configuration list for PBXProject "CollectionViewButtonPressExample" */ = {
			isa = XCConfigurationList;
			buildConfigurations = (
				2FB9BE5E1DEC7F5D0038F55E /* Debug */,
				2FB9BE5F1DEC7F5D0038F55E /* Release */,
			);
			defaultConfigurationIsVisible = 0;
			defaultConfigurationName = Release;
		};
		2FB9BE601DEC7F5D0038F55E /* Build configuration list for PBXNativeTarget "CollectionViewButtonPressExample" */ = {
			isa = XCConfigurationList;
			buildConfigurations = (
				2FB9BE611DEC7F5D0038F55E /* Debug */,
				2FB9BE621DEC7F5D0038F55E /* Release */,
			);
			defaultConfigurationIsVisible = 0;
		};
		2FB9BE631DEC7F5D0038F55E /* Build configuration list for PBXNativeTarget "CollectionViewButtonPressExampleTests" */ = {
			isa = XCConfigurationList;
			buildConfigurations = (
				2FB9BE641DEC7F5D0038F55E /* Debug */,
				2FB9BE651DEC7F5D0038F55E /* Release */,
			);
			defaultConfigurationIsVisible = 0;
		};
		2FB9BE661DEC7F5D0038F55E /* Build configuration list for PBXNativeTarget "CollectionViewButtonPressExampleUITests" */ = {
			isa = XCConfigurationList;
			buildConfigurations = (
				2FB9BE671DEC7F5D0038F55E /* Debug */,
				2FB9BE681DEC7F5D0038F55E /* Release */,
			);
			defaultConfigurationIsVisible = 0;
		};
/* End XCConfigurationList section */
	};
	rootObject = 2FB9BE301DEC7F5D0038F55E /* Project object */;
}
